
Microsoft Visual Studio Solution File, Format Version 12.00
# Visual Studio 15
VisualStudioVersion = 15.0.28307.2092
MinimumVisualStudioVersion = 10.0.40219.1
Project("{FAE04EC0-301F-11D3-BF4B-00C04F79EFBC}") = "Banka Otomasyonu", "Banka Otomasyonu\Banka Otomasyonu.csproj", "{287DEA86-07EA-4C4E-8CC6-EEC95900023C}"
EndProject
Project("{54435603-DBB4-11D2-8724-00A0C9A8B90C}") = "Setup", "Setup\Setup.vdproj", "{F7DDBA63-A717-4342-8228-18F4DEDACC46}"
EndProject
Global
	GlobalSection(SolutionConfigurationPlatforms) = preSolution
		Debug|Any CPU = Debug|Any CPU
		Release|Any CPU = Release|Any CPU
	EndGlobalSection
	GlobalSection(ProjectConfigurationPlatforms) = postSolution
		{287DEA86-07EA-4C4E-8CC6-EEC95900023C}.Debug|Any CPU.ActiveCfg = Debug|Any CPU
		{287DEA86-07EA-4C4E-8CC6-EEC95900023C}.Debug|Any CPU.Build.0 = Debug|Any CPU
		{287DEA86-07EA-4C4E-8CC6-EEC95900023C}.Release|Any CPU.ActiveCfg = Release|Any CPU
		{287DEA86-07EA-4C4E-8CC6-EEC95900023C}.Release|Any CPU.Build.0 = Release|Any CPU
		{F7DDBA63-A717-4342-8228-18F4DEDACC46}.Debug|Any CPU.ActiveCfg = Debug
		{F7DDBA63-A717-4342-8228-18F4DEDACC46}.Release|Any CPU.ActiveCfg = Release
	EndGlobalSection
	GlobalSection(SolutionProperties) = preSolution
		HideSolutionNode = FALSE
	EndGlobalSection
	GlobalSection(ExtensibilityGlobals) = postSolution
		SolutionGuid = {B7F00E1A-EEEB-43E9-A633-279ECD762721}
	EndGlobalSection
EndGlobal
